
Microsoft Visual Studio Solution File, Format Version 12.00
# Visual Studio Version 17
VisualStudioVersion = 17.10.34928.147
MinimumVisualStudioVersion = 10.0.40219.1
Project("{FAE04EC0-301F-11D3-BF4B-00C04F79EFBC}") = "WebApi", "WebApi.csproj", "{5AC5700C-2962-4DB3-A20A-F12D32E76803}"
EndProject
Project("{FAE04EC0-301F-11D3-BF4B-00C04F79EFBC}") = "ApplicationNet", "..\ApplicationNet\ApplicationNet.csproj", "{F533D7A2-A2AD-491F-BA20-1A6A18B70BDB}"
EndProject
Global
	GlobalSection(SolutionConfigurationPlatforms) = preSolution
		Debug|Any CPU = Debug|Any CPU
		Release|Any CPU = Release|Any CPU
	EndGlobalSection
	GlobalSection(ProjectConfigurationPlatforms) = postSolution
		{5AC5700C-2962-4DB3-A20A-F12D32E76803}.Debug|Any CPU.ActiveCfg = Debug|Any CPU
		{5AC5700C-2962-4DB3-A20A-F12D32E76803}.Debug|Any CPU.Build.0 = Debug|Any CPU
		{5AC5700C-2962-4DB3-A20A-F12D32E76803}.Release|Any CPU.ActiveCfg = Release|Any CPU
		{5AC5700C-2962-4DB3-A20A-F12D32E76803}.Release|Any CPU.Build.0 = Release|Any CPU
		{F533D7A2-A2AD-491F-BA20-1A6A18B70BDB}.Debug|Any CPU.ActiveCfg = Debug|Any CPU
		{F533D7A2-A2AD-491F-BA20-1A6A18B70BDB}.Debug|Any CPU.Build.0 = Debug|Any CPU
		{F533D7A2-A2AD-491F-BA20-1A6A18B70BDB}.Release|Any CPU.ActiveCfg = Release|Any CPU
		{F533D7A2-A2AD-491F-BA20-1A6A18B70BDB}.Release|Any CPU.Build.0 = Release|Any CPU
	EndGlobalSection
	GlobalSection(SolutionProperties) = preSolution
		HideSolutionNode = FALSE
	EndGlobalSection
	GlobalSection(ExtensibilityGlobals) = postSolution
		SolutionGuid = {27E24EC4-C204-4336-83AC-88A48B1260FA}
	EndGlobalSection
EndGlobal
